
Microsoft Visual Studio Solution File, Format Version 12.00
# Visual Studio 14
VisualStudioVersion = 14.0.25123.0
MinimumVisualStudioVersion = 10.0.40219.1
Project("{FAE04EC0-301F-11D3-BF4B-00C04F79EFBC}") = "PS.Puzzle03", "PS.Puzzle03\PS.Puzzle03.csproj", "{6902C8FB-F47F-4F8F-A9EB-5CB685E4C944}"
EndProject
Project("{FAE04EC0-301F-11D3-BF4B-00C04F79EFBC}") = "PS.Puzzle03.Tests", "PS.Puzzle03.Tests\PS.Puzzle03.Tests.csproj", "{E2A58FB8-65DD-4940-BE59-AAE8D1D9328C}"
EndProject
Project("{2150E333-8FDC-42A3-9474-1A3956D46DE8}") = "Test", "Test", "{6EE13F7B-0264-470C-A44C-C13356DB6A67}"
EndProject
Project("{2150E333-8FDC-42A3-9474-1A3956D46DE8}") = "Solution Items", "Solution Items", "{CD4A0402-9A3F-45CF-BD51-4804B33288EC}"
	ProjectSection(SolutionItems) = preProject
		ReadMe.txt = ReadMe.txt
	EndProjectSection
EndProject
Project("{FAE04EC0-301F-11D3-BF4B-00C04F79EFBC}") = "PS.ServiceCentre.UnitTest", "PS.ServiceCentre.UnitTest\PS.ServiceCentre.UnitTest.csproj", "{46D42EF1-7FBF-4219-9C74-BD5FEB75920A}"
EndProject
Global
	GlobalSection(SolutionConfigurationPlatforms) = preSolution
		Debug|Any CPU = Debug|Any CPU
		Release|Any CPU = Release|Any CPU
	EndGlobalSection
	GlobalSection(ProjectConfigurationPlatforms) = postSolution
		{6902C8FB-F47F-4F8F-A9EB-5CB685E4C944}.Debug|Any CPU.ActiveCfg = Debug|Any CPU
		{6902C8FB-F47F-4F8F-A9EB-5CB685E4C944}.Debug|Any CPU.Build.0 = Debug|Any CPU
		{6902C8FB-F47F-4F8F-A9EB-5CB685E4C944}.Release|Any CPU.ActiveCfg = Release|Any CPU
		{6902C8FB-F47F-4F8F-A9EB-5CB685E4C944}.Release|Any CPU.Build.0 = Release|Any CPU
		{E2A58FB8-65DD-4940-BE59-AAE8D1D9328C}.Debug|Any CPU.ActiveCfg = Debug|Any CPU
		{E2A58FB8-65DD-4940-BE59-AAE8D1D9328C}.Debug|Any CPU.Build.0 = Debug|Any CPU
		{E2A58FB8-65DD-4940-BE59-AAE8D1D9328C}.Release|Any CPU.ActiveCfg = Release|Any CPU
		{E2A58FB8-65DD-4940-BE59-AAE8D1D9328C}.Release|Any CPU.Build.0 = Release|Any CPU
		{46D42EF1-7FBF-4219-9C74-BD5FEB75920A}.Debug|Any CPU.ActiveCfg = Debug|Any CPU
		{46D42EF1-7FBF-4219-9C74-BD5FEB75920A}.Debug|Any CPU.Build.0 = Debug|Any CPU
		{46D42EF1-7FBF-4219-9C74-BD5FEB75920A}.Release|Any CPU.ActiveCfg = Release|Any CPU
		{46D42EF1-7FBF-4219-9C74-BD5FEB75920A}.Release|Any CPU.Build.0 = Release|Any CPU
	EndGlobalSection
	GlobalSection(SolutionProperties) = preSolution
		HideSolutionNode = FALSE
	EndGlobalSection
	GlobalSection(NestedProjects) = preSolution
		{E2A58FB8-65DD-4940-BE59-AAE8D1D9328C} = {6EE13F7B-0264-470C-A44C-C13356DB6A67}
		{46D42EF1-7FBF-4219-9C74-BD5FEB75920A} = {6EE13F7B-0264-470C-A44C-C13356DB6A67}
	EndGlobalSection
EndGlobal
